
Microsoft Visual Studio Solution File, Format Version 12.00
# Visual Studio 15
VisualStudioVersion = 15.0.28307.106
MinimumVisualStudioVersion = 10.0.40219.1
Project("{8BC9CEB8-8B4A-11D0-8D11-00A0C91BC942}") = "Hlr", "Hlr\Hlr.vcxproj", "{D81F3874-5D4D-4B99-B863-90E7D7F04AFD}"
EndProject
Global
	GlobalSection(SolutionConfigurationPlatforms) = preSolution
		Debug|ARM = Debug|ARM
		Debug|x64 = Debug|x64
		Debug|x86 = Debug|x86
		Release|ARM = Release|ARM
		Release|x64 = Release|x64
		Release|x86 = Release|x86
	EndGlobalSection
	GlobalSection(ProjectConfigurationPlatforms) = postSolution
		{D81F3874-5D4D-4B99-B863-90E7D7F04AFD}.Debug|ARM.ActiveCfg = Debug|ARM
		{D81F3874-5D4D-4B99-B863-90E7D7F04AFD}.Debug|ARM.Build.0 = Debug|ARM
		{D81F3874-5D4D-4B99-B863-90E7D7F04AFD}.Debug|ARM.Deploy.0 = Debug|ARM
		{D81F3874-5D4D-4B99-B863-90E7D7F04AFD}.Debug|x64.ActiveCfg = Debug|x64
		{D81F3874-5D4D-4B99-B863-90E7D7F04AFD}.Debug|x64.Build.0 = Debug|x64
		{D81F3874-5D4D-4B99-B863-90E7D7F04AFD}.Debug|x64.Deploy.0 = Debug|x64
		{D81F3874-5D4D-4B99-B863-90E7D7F04AFD}.Debug|x86.ActiveCfg = Debug|Win32
		{D81F3874-5D4D-4B99-B863-90E7D7F04AFD}.Debug|x86.Build.0 = Debug|Win32
		{D81F3874-5D4D-4B99-B863-90E7D7F04AFD}.Debug|x86.Deploy.0 = Debug|Win32
		{D81F3874-5D4D-4B99-B863-90E7D7F04AFD}.Release|ARM.ActiveCfg = Release|ARM
		{D81F3874-5D4D-4B99-B863-90E7D7F04AFD}.Release|ARM.Build.0 = Release|ARM
		{D81F3874-5D4D-4B99-B863-90E7D7F04AFD}.Release|ARM.Deploy.0 = Release|ARM
		{D81F3874-5D4D-4B99-B863-90E7D7F04AFD}.Release|x64.ActiveCfg = Release|x64
		{D81F3874-5D4D-4B99-B863-90E7D7F04AFD}.Release|x64.Build.0 = Release|x64
		{D81F3874-5D4D-4B99-B863-90E7D7F04AFD}.Release|x64.Deploy.0 = Release|x64
		{D81F3874-5D4D-4B99-B863-90E7D7F04AFD}.Release|x86.ActiveCfg = Release|Win32
		{D81F3874-5D4D-4B99-B863-90E7D7F04AFD}.Release|x86.Build.0 = Release|Win32
		{D81F3874-5D4D-4B99-B863-90E7D7F04AFD}.Release|x86.Deploy.0 = Release|Win32
	EndGlobalSection
	GlobalSection(SolutionProperties) = preSolution
		HideSolutionNode = FALSE
	EndGlobalSection
	GlobalSection(ExtensibilityGlobals) = postSolution
		SolutionGuid = {723D88C4-10DD-4366-BD2E-3B1FB9A886C4}
	EndGlobalSection
EndGlobal
